// !$*UTF8*$!
{
	archiveVersion = 1;
	classes = {
	};
	objectVersion = 56;
	objects = {

/* Begin PBXBuildFile section */
		FA2841402C013915004CC897 /* NetworkManager.swift in Sources */ = {isa = PBXBuildFile; fileRef = FA28413F2C013915004CC897 /* NetworkManager.swift */; };
		FA2841432C013AA3004CC897 /* Alamofire in Frameworks */ = {isa = PBXBuildFile; productRef = FA2841422C013AA3004CC897 /* Alamofire */; };
		FA2841452C013B0D004CC897 /* GiveawayAPIClient.swift in Sources */ = {isa = PBXBuildFile; fileRef = FA2841442C013B0D004CC897 /* GiveawayAPIClient.swift */; };
		FA2841472C0142A6004CC897 /* GiveawaysRepo.swift in Sources */ = {isa = PBXBuildFile; fileRef = FA2841462C0142A6004CC897 /* GiveawaysRepo.swift */; };
		FA28414A2C0157BB004CC897 /* CachedAsyncImage.swift in Sources */ = {isa = PBXBuildFile; fileRef = FA2841492C0157BB004CC897 /* CachedAsyncImage.swift */; };
		FA28414D2C02300F004CC897 /* GiveawayDetailsView.swift in Sources */ = {isa = PBXBuildFile; fileRef = FA28414C2C02300E004CC897 /* GiveawayDetailsView.swift */; };
		FA28414F2C023172004CC897 /* StretchyHeaderView.swift in Sources */ = {isa = PBXBuildFile; fileRef = FA28414E2C023172004CC897 /* StretchyHeaderView.swift */; };
		FA2841512C0238A9004CC897 /* GiveawayDetailsFeature.swift in Sources */ = {isa = PBXBuildFile; fileRef = FA2841502C0238A9004CC897 /* GiveawayDetailsFeature.swift */; };
		FAD0547A2BF8FC0300F2148B /* TabsView.swift in Sources */ = {isa = PBXBuildFile; fileRef = FAD054792BF8FC0300F2148B /* TabsView.swift */; };
		FAD0547D2BF95D2100F2148B /* HomeFeature.swift in Sources */ = {isa = PBXBuildFile; fileRef = FAD0547C2BF95D2100F2148B /* HomeFeature.swift */; };
		FADB55112BFA9CCA004FC1DA /* ComposableArchitecture in Frameworks */ = {isa = PBXBuildFile; productRef = FADB55102BFA9CCA004FC1DA /* ComposableArchitecture */; };
		FAEA231D2C0289D80009849C /* UIApplication+Extensions.swift in Sources */ = {isa = PBXBuildFile; fileRef = FAEA231C2C0289D80009849C /* UIApplication+Extensions.swift */; };
		FAEA231F2C0294F10009849C /* DescriptionView.swift in Sources */ = {isa = PBXBuildFile; fileRef = FAEA231E2C0294F10009849C /* DescriptionView.swift */; };
		FAEA23212C029A3A0009849C /* VerticalInfoView.swift in Sources */ = {isa = PBXBuildFile; fileRef = FAEA23202C029A3A0009849C /* VerticalInfoView.swift */; };
		FAEA23242C03C0E30009849C /* WelcomeView.swift in Sources */ = {isa = PBXBuildFile; fileRef = FAEA23232C03C0E30009849C /* WelcomeView.swift */; };
		FAEA23262C03C7300009849C /* HomeFeatureTests.swift in Sources */ = {isa = PBXBuildFile; fileRef = FAEA23252C03C7300009849C /* HomeFeatureTests.swift */; };
		FAEA23292C03F32F0009849C /* BannersRepo.swift in Sources */ = {isa = PBXBuildFile; fileRef = FAEA23282C03F32F0009849C /* BannersRepo.swift */; };
		FAEA232B2C03F71F0009849C /* TabsViewProtocol.swift in Sources */ = {isa = PBXBuildFile; fileRef = FAEA232A2C03F71F0009849C /* TabsViewProtocol.swift */; };
		FAF628F42BF7A1C500F7DF0B /* TCATaskApp.swift in Sources */ = {isa = PBXBuildFile; fileRef = FAF628F32BF7A1C500F7DF0B /* TCATaskApp.swift */; };
		FAF628F62BF7A1C500F7DF0B /* HomeView.swift in Sources */ = {isa = PBXBuildFile; fileRef = FAF628F52BF7A1C500F7DF0B /* HomeView.swift */; };
		FAF628F82BF7A1C700F7DF0B /* Assets.xcassets in Resources */ = {isa = PBXBuildFile; fileRef = FAF628F72BF7A1C700F7DF0B /* Assets.xcassets */; };
		FAF628FB2BF7A1C700F7DF0B /* Preview Assets.xcassets in Resources */ = {isa = PBXBuildFile; fileRef = FAF628FA2BF7A1C700F7DF0B /* Preview Assets.xcassets */; };
		FAF6291F2BF7EAF800F7DF0B /* BannerCardView.swift in Sources */ = {isa = PBXBuildFile; fileRef = FAF6291E2BF7EAF800F7DF0B /* BannerCardView.swift */; };
		FAF629222BF7FBE400F7DF0B /* GameGaveway.swift in Sources */ = {isa = PBXBuildFile; fileRef = FAF629212BF7FBE400F7DF0B /* GameGaveway.swift */; };
		FAF629282BF8180D00F7DF0B /* BannerView.swift in Sources */ = {isa = PBXBuildFile; fileRef = FAF629272BF8180D00F7DF0B /* BannerView.swift */; };
		FAF6292B2BF8D5D000F7DF0B /* GiveawayCardView.swift in Sources */ = {isa = PBXBuildFile; fileRef = FAF6292A2BF8D5CF00F7DF0B /* GiveawayCardView.swift */; };
/* End PBXBuildFile section */

/* Begin PBXContainerItemProxy section */
		FAF629012BF7A1C800F7DF0B /* PBXContainerItemProxy */ = {
			isa = PBXContainerItemProxy;
			containerPortal = FAF628E82BF7A1C500F7DF0B /* Project object */;
			proxyType = 1;
			remoteGlobalIDString = FAF628EF2BF7A1C500F7DF0B;
			remoteInfo = TCATask;
		};
/* End PBXContainerItemProxy section */

/* Begin PBXFileReference section */
		FA1C66C22C00EB5E00AC24FE /* Info.plist */ = {isa = PBXFileReference; lastKnownFileType = text.plist.xml; path = Info.plist; sourceTree = "<group>"; };
		FA28413F2C013915004CC897 /* NetworkManager.swift */ = {isa = PBXFileReference; lastKnownFileType = sourcecode.swift; path = NetworkManager.swift; sourceTree = "<group>"; };
		FA2841442C013B0D004CC897 /* GiveawayAPIClient.swift */ = {isa = PBXFileReference; lastKnownFileType = sourcecode.swift; path = GiveawayAPIClient.swift; sourceTree = "<group>"; };
		FA2841462C0142A6004CC897 /* GiveawaysRepo.swift */ = {isa = PBXFileReference; lastKnownFileType = sourcecode.swift; path = GiveawaysRepo.swift; sourceTree = "<group>"; };
		FA2841492C0157BB004CC897 /* CachedAsyncImage.swift */ = {isa = PBXFileReference; lastKnownFileType = sourcecode.swift; path = CachedAsyncImage.swift; sourceTree = "<group>"; };
		FA28414C2C02300E004CC897 /* GiveawayDetailsView.swift */ = {isa = PBXFileReference; lastKnownFileType = sourcecode.swift; path = GiveawayDetailsView.swift; sourceTree = "<group>"; };
		FA28414E2C023172004CC897 /* StretchyHeaderView.swift */ = {isa = PBXFileReference; lastKnownFileType = sourcecode.swift; path = StretchyHeaderView.swift; sourceTree = "<group>"; };
		FA2841502C0238A9004CC897 /* GiveawayDetailsFeature.swift */ = {isa = PBXFileReference; lastKnownFileType = sourcecode.swift; path = GiveawayDetailsFeature.swift; sourceTree = "<group>"; };
		FAD054792BF8FC0300F2148B /* TabsView.swift */ = {isa = PBXFileReference; lastKnownFileType = sourcecode.swift; path = TabsView.swift; sourceTree = "<group>"; };
		FAD0547C2BF95D2100F2148B /* HomeFeature.swift */ = {isa = PBXFileReference; lastKnownFileType = sourcecode.swift; path = HomeFeature.swift; sourceTree = "<group>"; };
		FAEA231C2C0289D80009849C /* UIApplication+Extensions.swift */ = {isa = PBXFileReference; lastKnownFileType = sourcecode.swift; path = "UIApplication+Extensions.swift"; sourceTree = "<group>"; };
		FAEA231E2C0294F10009849C /* DescriptionView.swift */ = {isa = PBXFileReference; lastKnownFileType = sourcecode.swift; path = DescriptionView.swift; sourceTree = "<group>"; };
		FAEA23202C029A3A0009849C /* VerticalInfoView.swift */ = {isa = PBXFileReference; lastKnownFileType = sourcecode.swift; path = VerticalInfoView.swift; sourceTree = "<group>"; };
		FAEA23232C03C0E30009849C /* WelcomeView.swift */ = {isa = PBXFileReference; lastKnownFileType = sourcecode.swift; path = WelcomeView.swift; sourceTree = "<group>"; };
		FAEA23252C03C7300009849C /* HomeFeatureTests.swift */ = {isa = PBXFileReference; lastKnownFileType = sourcecode.swift; path = HomeFeatureTests.swift; sourceTree = "<group>"; };
		FAEA23282C03F32F0009849C /* BannersRepo.swift */ = {isa = PBXFileReference; lastKnownFileType = sourcecode.swift; path = BannersRepo.swift; sourceTree = "<group>"; };
		FAEA232A2C03F71F0009849C /* TabsViewProtocol.swift */ = {isa = PBXFileReference; lastKnownFileType = sourcecode.swift; path = TabsViewProtocol.swift; sourceTree = "<group>"; };
		FAF628F02BF7A1C500F7DF0B /* TCATask.app */ = {isa = PBXFileReference; explicitFileType = wrapper.application; includeInIndex = 0; path = TCATask.app; sourceTree = BUILT_PRODUCTS_DIR; };
		FAF628F32BF7A1C500F7DF0B /* TCATaskApp.swift */ = {isa = PBXFileReference; lastKnownFileType = sourcecode.swift; path = TCATaskApp.swift; sourceTree = "<group>"; };
		FAF628F52BF7A1C500F7DF0B /* HomeView.swift */ = {isa = PBXFileReference; lastKnownFileType = sourcecode.swift; path = HomeView.swift; sourceTree = "<group>"; };
		FAF628F72BF7A1C700F7DF0B /* Assets.xcassets */ = {isa = PBXFileReference; lastKnownFileType = folder.assetcatalog; path = Assets.xcassets; sourceTree = "<group>"; };
		FAF628FA2BF7A1C700F7DF0B /* Preview Assets.xcassets */ = {isa = PBXFileReference; lastKnownFileType = folder.assetcatalog; path = "Preview Assets.xcassets"; sourceTree = "<group>"; };
		FAF629002BF7A1C800F7DF0B /* TCATaskTests.xctest */ = {isa = PBXFileReference; explicitFileType = wrapper.cfbundle; includeInIndex = 0; path = TCATaskTests.xctest; sourceTree = BUILT_PRODUCTS_DIR; };
		FAF6291E2BF7EAF800F7DF0B /* BannerCardView.swift */ = {isa = PBXFileReference; lastKnownFileType = sourcecode.swift; path = BannerCardView.swift; sourceTree = "<group>"; };
		FAF629212BF7FBE400F7DF0B /* GameGaveway.swift */ = {isa = PBXFileReference; lastKnownFileType = sourcecode.swift; path = GameGaveway.swift; sourceTree = "<group>"; };
		FAF629272BF8180D00F7DF0B /* BannerView.swift */ = {isa = PBXFileReference; lastKnownFileType = sourcecode.swift; path = BannerView.swift; sourceTree = "<group>"; };
		FAF6292A2BF8D5CF00F7DF0B /* GiveawayCardView.swift */ = {isa = PBXFileReference; lastKnownFileType = sourcecode.swift; path = GiveawayCardView.swift; sourceTree = "<group>"; };
/* End PBXFileReference section */

/* Begin PBXFrameworksBuildPhase section */
		FAF628ED2BF7A1C500F7DF0B /* Frameworks */ = {
			isa = PBXFrameworksBuildPhase;
			buildActionMask = 2147483647;
			files = (
				FADB55112BFA9CCA004FC1DA /* ComposableArchitecture in Frameworks */,
				FA2841432C013AA3004CC897 /* Alamofire in Frameworks */,
			);
			runOnlyForDeploymentPostprocessing = 0;
		};
		FAF628FD2BF7A1C800F7DF0B /* Frameworks */ = {
			isa = PBXFrameworksBuildPhase;
			buildActionMask = 2147483647;
			files = (
			);
			runOnlyForDeploymentPostprocessing = 0;
		};
/* End PBXFrameworksBuildPhase section */

/* Begin PBXGroup section */
		FA28413E2C0138F7004CC897 /* Service */ = {
			isa = PBXGroup;
			children = (
				FAEA23272C03F3110009849C /* Repos */,
				FA28413F2C013915004CC897 /* NetworkManager.swift */,
				FA2841442C013B0D004CC897 /* GiveawayAPIClient.swift */,
			);
			path = Service;
			sourceTree = "<group>";
		};
		FA2841482C0157A6004CC897 /* Custom Views */ = {
			isa = PBXGroup;
			children = (
				FA2841492C0157BB004CC897 /* CachedAsyncImage.swift */,
				FAD054782BF8FBF400F2148B /* Tabs View */,
			);
			path = "Custom Views";
			sourceTree = "<group>";
		};
		FA28414B2C022FDA004CC897 /* Giveaway Details Scene */ = {
			isa = PBXGroup;
			children = (
				FA28414C2C02300E004CC897 /* GiveawayDetailsView.swift */,
				FAEA232C2C03F9720009849C /* Stretchy Header */,
				FAEA232E2C03F99A0009849C /* Vertical info View */,
				FAEA232D2C03F98A0009849C /* Description View */,
			);
			path = "Giveaway Details Scene";
			sourceTree = "<group>";
		};
		FAD054782BF8FBF400F2148B /* Tabs View */ = {
			isa = PBXGroup;
			children = (
				FAD054792BF8FC0300F2148B /* TabsView.swift */,
				FAEA232A2C03F71F0009849C /* TabsViewProtocol.swift */,
			);
			path = "Tabs View";
			sourceTree = "<group>";
		};
		FAD0547B2BF95D0000F2148B /* Stores */ = {
			isa = PBXGroup;
			children = (
				FAD0547C2BF95D2100F2148B /* HomeFeature.swift */,
				FA2841502C0238A9004CC897 /* GiveawayDetailsFeature.swift */,
			);
			path = Stores;
			sourceTree = "<group>";
		};
		FADB550C2BFA9BF0004FC1DA /* Frameworks */ = {
			isa = PBXGroup;
			children = (
			);
			name = Frameworks;
			sourceTree = "<group>";
		};
		FAEA231B2C0289B30009849C /* Extensions */ = {
			isa = PBXGroup;
			children = (
				FAEA231C2C0289D80009849C /* UIApplication+Extensions.swift */,
			);
			path = Extensions;
			sourceTree = "<group>";
		};
		FAEA23222C03C0C00009849C /* Welcome View */ = {
			isa = PBXGroup;
			children = (
				FAEA23232C03C0E30009849C /* WelcomeView.swift */,
			);
			path = "Welcome View";
			sourceTree = "<group>";
		};
		FAEA23272C03F3110009849C /* Repos */ = {
			isa = PBXGroup;
			children = (
				FA2841462C0142A6004CC897 /* GiveawaysRepo.swift */,
				FAEA23282C03F32F0009849C /* BannersRepo.swift */,
			);
			path = Repos;
			sourceTree = "<group>";
		};
		FAEA232C2C03F9720009849C /* Stretchy Header */ = {
			isa = PBXGroup;
			children = (
				FA28414E2C023172004CC897 /* StretchyHeaderView.swift */,
			);
			path = "Stretchy Header";
			sourceTree = "<group>";
		};
		FAEA232D2C03F98A0009849C /* Description View */ = {
			isa = PBXGroup;
			children = (
				FAEA231E2C0294F10009849C /* DescriptionView.swift */,
			);
			path = "Description View";
			sourceTree = "<group>";
		};
		FAEA232E2C03F99A0009849C /* Vertical info View */ = {
			isa = PBXGroup;
			children = (
				FAEA23202C029A3A0009849C /* VerticalInfoView.swift */,
			);
			path = "Vertical info View";
			sourceTree = "<group>";
		};
		FAF628E72BF7A1C500F7DF0B = {
			isa = PBXGroup;
			children = (
				FAF628F22BF7A1C500F7DF0B /* TCATask */,
				FAF629032BF7A1C800F7DF0B /* TCATaskTests */,
				FAF628F12BF7A1C500F7DF0B /* Products */,
				FADB550C2BFA9BF0004FC1DA /* Frameworks */,
			);
			sourceTree = "<group>";
		};
		FAF628F12BF7A1C500F7DF0B /* Products */ = {
			isa = PBXGroup;
			children = (
				FAF628F02BF7A1C500F7DF0B /* TCATask.app */,
				FAF629002BF7A1C800F7DF0B /* TCATaskTests.xctest */,
			);
			name = Products;
			sourceTree = "<group>";
		};
		FAF628F22BF7A1C500F7DF0B /* TCATask */ = {
			isa = PBXGroup;
			children = (
				FAEA231B2C0289B30009849C /* Extensions */,
				FA2841482C0157A6004CC897 /* Custom Views */,
				FA28413E2C0138F7004CC897 /* Service */,
				FAD0547B2BF95D0000F2148B /* Stores */,
				FA1C66C22C00EB5E00AC24FE /* Info.plist */,
				FAF629232BF8041200F7DF0B /* Application */,
				FAF629202BF7FBCF00F7DF0B /* Models */,
				FAF629242BF8042900F7DF0B /* Scenes */,
			);
			path = TCATask;
			sourceTree = "<group>";
		};
		FAF628F92BF7A1C700F7DF0B /* Preview Content */ = {
			isa = PBXGroup;
			children = (
				FAF628FA2BF7A1C700F7DF0B /* Preview Assets.xcassets */,
			);
			path = "Preview Content";
			sourceTree = "<group>";
		};
		FAF629032BF7A1C800F7DF0B /* TCATaskTests */ = {
			isa = PBXGroup;
			children = (
				FAEA23252C03C7300009849C /* HomeFeatureTests.swift */,
			);
			path = TCATaskTests;
			sourceTree = "<group>";
		};
		FAF629202BF7FBCF00F7DF0B /* Models */ = {
			isa = PBXGroup;
			children = (
				FAF629212BF7FBE400F7DF0B /* GameGaveway.swift */,
			);
			path = Models;
			sourceTree = "<group>";
		};
		FAF629232BF8041200F7DF0B /* Application */ = {
			isa = PBXGroup;
			children = (
				FAF628F92BF7A1C700F7DF0B /* Preview Content */,
				FAF628F72BF7A1C700F7DF0B /* Assets.xcassets */,
				FAF628F32BF7A1C500F7DF0B /* TCATaskApp.swift */,
			);
			path = Application;
			sourceTree = "<group>";
		};
		FAF629242BF8042900F7DF0B /* Scenes */ = {
			isa = PBXGroup;
			children = (
				FA28414B2C022FDA004CC897 /* Giveaway Details Scene */,
				FAF629252BF8043B00F7DF0B /* Home Scene */,
			);
			path = Scenes;
			sourceTree = "<group>";
		};
		FAF629252BF8043B00F7DF0B /* Home Scene */ = {
			isa = PBXGroup;
			children = (
				FAF628F52BF7A1C500F7DF0B /* HomeView.swift */,
				FAEA23222C03C0C00009849C /* Welcome View */,
				FAF629292BF8D5A500F7DF0B /* Giveaway Card View */,
				FAF629262BF817F200F7DF0B /* BannerView */,
			);
			path = "Home Scene";
			sourceTree = "<group>";
		};
		FAF629262BF817F200F7DF0B /* BannerView */ = {
			isa = PBXGroup;
			children = (
				FAF6291E2BF7EAF800F7DF0B /* BannerCardView.swift */,
				FAF629272BF8180D00F7DF0B /* BannerView.swift */,
			);
			path = BannerView;
			sourceTree = "<group>";
		};
		FAF629292BF8D5A500F7DF0B /* Giveaway Card View */ = {
			isa = PBXGroup;
			children = (
				FAF6292A2BF8D5CF00F7DF0B /* GiveawayCardView.swift */,
			);
			path = "Giveaway Card View";
			sourceTree = "<group>";
		};
/* End PBXGroup section */

/* Begin PBXNativeTarget section */
		FAF628EF2BF7A1C500F7DF0B /* TCATask */ = {
			isa = PBXNativeTarget;
			buildConfigurationList = FAF629142BF7A1C800F7DF0B /* Build configuration list for PBXNativeTarget "TCATask" */;
			buildPhases = (
				FAF628EC2BF7A1C500F7DF0B /* Sources */,
				FAF628ED2BF7A1C500F7DF0B /* Frameworks */,
				FAF628EE2BF7A1C500F7DF0B /* Resources */,
			);
			buildRules = (
			);
			dependencies = (
			);
			name = TCATask;
			packageProductDependencies = (
				FADB55102BFA9CCA004FC1DA /* ComposableArchitecture */,
				FA2841422C013AA3004CC897 /* Alamofire */,
			);
			productName = TCATask;
			productReference = FAF628F02BF7A1C500F7DF0B /* TCATask.app */;
			productType = "com.apple.product-type.application";
		};
		FAF628FF2BF7A1C800F7DF0B /* TCATaskTests */ = {
			isa = PBXNativeTarget;
			buildConfigurationList = FAF629172BF7A1C800F7DF0B /* Build configuration list for PBXNativeTarget "TCATaskTests" */;
			buildPhases = (
				FAF628FC2BF7A1C800F7DF0B /* Sources */,
				FAF628FD2BF7A1C800F7DF0B /* Frameworks */,
				FAF628FE2BF7A1C800F7DF0B /* Resources */,
			);
			buildRules = (
			);
			dependencies = (
				FAF629022BF7A1C800F7DF0B /* PBXTargetDependency */,
			);
			name = TCATaskTests;
			productName = TCATaskTests;
			productReference = FAF629002BF7A1C800F7DF0B /* TCATaskTests.xctest */;
			productType = "com.apple.product-type.bundle.unit-test";
		};
/* End PBXNativeTarget section */

/* Begin PBXProject section */
		FAF628E82BF7A1C500F7DF0B /* Project object */ = {
			isa = PBXProject;
			attributes = {
				BuildIndependentTargetsInParallel = 1;
				LastSwiftUpdateCheck = 1530;
				LastUpgradeCheck = 1530;
				TargetAttributes = {
					FAF628EF2BF7A1C500F7DF0B = {
						CreatedOnToolsVersion = 15.3;
					};
					FAF628FF2BF7A1C800F7DF0B = {
						CreatedOnToolsVersion = 15.3;
						TestTargetID = FAF628EF2BF7A1C500F7DF0B;
					};
				};
			};
			buildConfigurationList = FAF628EB2BF7A1C500F7DF0B /* Build configuration list for PBXProject "TCATask" */;
			compatibilityVersion = "Xcode 14.0";
			developmentRegion = en;
			hasScannedForEncodings = 0;
			knownRegions = (
				en,
				Base,
			);
			mainGroup = FAF628E72BF7A1C500F7DF0B;
			packageReferences = (
				FADB550F2BFA9C6F004FC1DA /* XCRemoteSwiftPackageReference "swift-composable-architecture" */,
				FA2841412C0139A9004CC897 /* XCRemoteSwiftPackageReference "Alamofire" */,
			);
			productRefGroup = FAF628F12BF7A1C500F7DF0B /* Products */;
			projectDirPath = "";
			projectRoot = "";
			targets = (
				FAF628EF2BF7A1C500F7DF0B /* TCATask */,
				FAF628FF2BF7A1C800F7DF0B /* TCATaskTests */,
			);
		};
/* End PBXProject section */

/* Begin PBXResourcesBuildPhase section */
		FAF628EE2BF7A1C500F7DF0B /* Resources */ = {
			isa = PBXResourcesBuildPhase;
			buildActionMask = 2147483647;
			files = (
				FAF628FB2BF7A1C700F7DF0B /* Preview Assets.xcassets in Resources */,
				FAF628F82BF7A1C700F7DF0B /* Assets.xcassets in Resources */,
			);
			runOnlyForDeploymentPostprocessing = 0;
		};
		FAF628FE2BF7A1C800F7DF0B /* Resources */ = {
			isa = PBXResourcesBuildPhase;
			buildActionMask = 2147483647;
			files = (
			);
			runOnlyForDeploymentPostprocessing = 0;
		};
/* End PBXResourcesBuildPhase section */

/* Begin PBXSourcesBuildPhase section */
		FAF628EC2BF7A1C500F7DF0B /* Sources */ = {
			isa = PBXSourcesBuildPhase;
			buildActionMask = 2147483647;
			files = (
				FA2841402C013915004CC897 /* NetworkManager.swift in Sources */,
				FAF629282BF8180D00F7DF0B /* BannerView.swift in Sources */,
				FAD0547D2BF95D2100F2148B /* HomeFeature.swift in Sources */,
				FAEA23292C03F32F0009849C /* BannersRepo.swift in Sources */,
				FAD0547A2BF8FC0300F2148B /* TabsView.swift in Sources */,
				FAF6292B2BF8D5D000F7DF0B /* GiveawayCardView.swift in Sources */,
				FAF628F62BF7A1C500F7DF0B /* HomeView.swift in Sources */,
				FAEA231D2C0289D80009849C /* UIApplication+Extensions.swift in Sources */,
				FA28414D2C02300F004CC897 /* GiveawayDetailsView.swift in Sources */,
				FAEA23212C029A3A0009849C /* VerticalInfoView.swift in Sources */,
				FA2841512C0238A9004CC897 /* GiveawayDetailsFeature.swift in Sources */,
				FAF6291F2BF7EAF800F7DF0B /* BannerCardView.swift in Sources */,
				FAF629222BF7FBE400F7DF0B /* GameGaveway.swift in Sources */,
				FA2841452C013B0D004CC897 /* GiveawayAPIClient.swift in Sources */,
				FAF628F42BF7A1C500F7DF0B /* TCATaskApp.swift in Sources */,
				FAEA232B2C03F71F0009849C /* TabsViewProtocol.swift in Sources */,
				FA28414A2C0157BB004CC897 /* CachedAsyncImage.swift in Sources */,
				FAEA231F2C0294F10009849C /* DescriptionView.swift in Sources */,
				FA2841472C0142A6004CC897 /* GiveawaysRepo.swift in Sources */,
				FA28414F2C023172004CC897 /* StretchyHeaderView.swift in Sources */,
				FAEA23242C03C0E30009849C /* WelcomeView.swift in Sources */,
			);
			runOnlyForDeploymentPostprocessing = 0;
		};
		FAF628FC2BF7A1C800F7DF0B /* Sources */ = {
			isa = PBXSourcesBuildPhase;
			buildActionMask = 2147483647;
			files = (
				FAEA23262C03C7300009849C /* HomeFeatureTests.swift in Sources */,
			);
			runOnlyForDeploymentPostprocessing = 0;
		};
/* End PBXSourcesBuildPhase section */

/* Begin PBXTargetDependency section */
		FAF629022BF7A1C800F7DF0B /* PBXTargetDependency */ = {
			isa = PBXTargetDependency;
			target = FAF628EF2BF7A1C500F7DF0B /* TCATask */;
			targetProxy = FAF629012BF7A1C800F7DF0B /* PBXContainerItemProxy */;
		};
/* End PBXTargetDependency section */

/* Begin XCBuildConfiguration section */
		FAF629122BF7A1C800F7DF0B /* Debug */ = {
			isa = XCBuildConfiguration;
			buildSettings = {
				ALWAYS_SEARCH_USER_PATHS = NO;
				ASSETCATALOG_COMPILER_GENERATE_SWIFT_ASSET_SYMBOL_EXTENSIONS = YES;
				CLANG_ANALYZER_NONNULL = YES;
				CLANG_ANALYZER_NUMBER_OBJECT_CONVERSION = YES_AGGRESSIVE;
				CLANG_CXX_LANGUAGE_STANDARD = "gnu++20";
				CLANG_ENABLE_MODULES = YES;
				CLANG_ENABLE_OBJC_ARC = YES;
				CLANG_ENABLE_OBJC_WEAK = YES;
				CLANG_WARN_BLOCK_CAPTURE_AUTORELEASING = YES;
				CLANG_WARN_BOOL_CONVERSION = YES;
				CLANG_WARN_COMMA = YES;
				CLANG_WARN_CONSTANT_CONVERSION = YES;
				CLANG_WARN_DEPRECATED_OBJC_IMPLEMENTATIONS = YES;
				CLANG_WARN_DIRECT_OBJC_ISA_USAGE = YES_ERROR;
				CLANG_WARN_DOCUMENTATION_COMMENTS = YES;
				CLANG_WARN_EMPTY_BODY = YES;
				CLANG_WARN_ENUM_CONVERSION = YES;
				CLANG_WARN_INFINITE_RECURSION = YES;
				CLANG_WARN_INT_CONVERSION = YES;
				CLANG_WARN_NON_LITERAL_NULL_CONVERSION = YES;
				CLANG_WARN_OBJC_IMPLICIT_RETAIN_SELF = YES;
				CLANG_WARN_OBJC_LITERAL_CONVERSION = YES;
				CLANG_WARN_OBJC_ROOT_CLASS = YES_ERROR;
				CLANG_WARN_QUOTED_INCLUDE_IN_FRAMEWORK_HEADER = YES;
				CLANG_WARN_RANGE_LOOP_ANALYSIS = YES;
				CLANG_WARN_STRICT_PROTOTYPES = YES;
				CLANG_WARN_SUSPICIOUS_MOVE = YES;
				CLANG_WARN_UNGUARDED_AVAILABILITY = YES_AGGRESSIVE;
				CLANG_WARN_UNREACHABLE_CODE = YES;
				CLANG_WARN__DUPLICATE_METHOD_MATCH = YES;
				COPY_PHASE_STRIP = NO;
				DEBUG_INFORMATION_FORMAT = dwarf;
				ENABLE_STRICT_OBJC_MSGSEND = YES;
				ENABLE_TESTABILITY = YES;
				ENABLE_USER_SCRIPT_SANDBOXING = YES;
				GCC_C_LANGUAGE_STANDARD = gnu17;
				GCC_DYNAMIC_NO_PIC = NO;
				GCC_NO_COMMON_BLOCKS = YES;
				GCC_OPTIMIZATION_LEVEL = 0;
				GCC_PREPROCESSOR_DEFINITIONS = (
					"DEBUG=1",
					"$(inherited)",
				);
				GCC_WARN_64_TO_32_BIT_CONVERSION = YES;
				GCC_WARN_ABOUT_RETURN_TYPE = YES_ERROR;
				GCC_WARN_UNDECLARED_SELECTOR = YES;
				GCC_WARN_UNINITIALIZED_AUTOS = YES_AGGRESSIVE;
				GCC_WARN_UNUSED_FUNCTION = YES;
				GCC_WARN_UNUSED_VARIABLE = YES;
				IPHONEOS_DEPLOYMENT_TARGET = 17.4;
				LOCALIZATION_PREFERS_STRING_CATALOGS = YES;
				MTL_ENABLE_DEBUG_INFO = INCLUDE_SOURCE;
				MTL_FAST_MATH = YES;
				ONLY_ACTIVE_ARCH = YES;
				SDKROOT = iphoneos;
				SWIFT_ACTIVE_COMPILATION_CONDITIONS = "DEBUG $(inherited)";
				SWIFT_OPTIMIZATION_LEVEL = "-Onone";
			};
			name = Debug;
		};
		FAF629132BF7A1C800F7DF0B /* Release */ = {
			isa = XCBuildConfiguration;
			buildSettings = {
				ALWAYS_SEARCH_USER_PATHS = NO;
				ASSETCATALOG_COMPILER_GENERATE_SWIFT_ASSET_SYMBOL_EXTENSIONS = YES;
				CLANG_ANALYZER_NONNULL = YES;
				CLANG_ANALYZER_NUMBER_OBJECT_CONVERSION = YES_AGGRESSIVE;
				CLANG_CXX_LANGUAGE_STANDARD = "gnu++20";
				CLANG_ENABLE_MODULES = YES;
				CLANG_ENABLE_OBJC_ARC = YES;
				CLANG_ENABLE_OBJC_WEAK = YES;
				CLANG_WARN_BLOCK_CAPTURE_AUTORELEASING = YES;
				CLANG_WARN_BOOL_CONVERSION = YES;
				CLANG_WARN_COMMA = YES;
				CLANG_WARN_CONSTANT_CONVERSION = YES;
				CLANG_WARN_DEPRECATED_OBJC_IMPLEMENTATIONS = YES;
				CLANG_WARN_DIRECT_OBJC_ISA_USAGE = YES_ERROR;
				CLANG_WARN_DOCUMENTATION_COMMENTS = YES;
				CLANG_WARN_EMPTY_BODY = YES;
				CLANG_WARN_ENUM_CONVERSION = YES;
				CLANG_WARN_INFINITE_RECURSION = YES;
				CLANG_WARN_INT_CONVERSION = YES;
				CLANG_WARN_NON_LITERAL_NULL_CONVERSION = YES;
				CLANG_WARN_OBJC_IMPLICIT_RETAIN_SELF = YES;
				CLANG_WARN_OBJC_LITERAL_CONVERSION = YES;
				CLANG_WARN_OBJC_ROOT_CLASS = YES_ERROR;
				CLANG_WARN_QUOTED_INCLUDE_IN_FRAMEWORK_HEADER = YES;
				CLANG_WARN_RANGE_LOOP_ANALYSIS = YES;
				CLANG_WARN_STRICT_PROTOTYPES = YES;
				CLANG_WARN_SUSPICIOUS_MOVE = YES;
				CLANG_WARN_UNGUARDED_AVAILABILITY = YES_AGGRESSIVE;
				CLANG_WARN_UNREACHABLE_CODE = YES;
				CLANG_WARN__DUPLICATE_METHOD_MATCH = YES;
				COPY_PHASE_STRIP = NO;
				DEBUG_INFORMATION_FORMAT = "dwarf-with-dsym";
				ENABLE_NS_ASSERTIONS = NO;
				ENABLE_STRICT_OBJC_MSGSEND = YES;
				ENABLE_USER_SCRIPT_SANDBOXING = YES;
				GCC_C_LANGUAGE_STANDARD = gnu17;
				GCC_NO_COMMON_BLOCKS = YES;
				GCC_WARN_64_TO_32_BIT_CONVERSION = YES;
				GCC_WARN_ABOUT_RETURN_TYPE = YES_ERROR;
				GCC_WARN_UNDECLARED_SELECTOR = YES;
				GCC_WARN_UNINITIALIZED_AUTOS = YES_AGGRESSIVE;
				GCC_WARN_UNUSED_FUNCTION = YES;
				GCC_WARN_UNUSED_VARIABLE = YES;
				IPHONEOS_DEPLOYMENT_TARGET = 17.4;
				LOCALIZATION_PREFERS_STRING_CATALOGS = YES;
				MTL_ENABLE_DEBUG_INFO = NO;
				MTL_FAST_MATH = YES;
				SDKROOT = iphoneos;
				SWIFT_COMPILATION_MODE = wholemodule;
				VALIDATE_PRODUCT = YES;
			};
			name = Release;
		};
		FAF629152BF7A1C800F7DF0B /* Debug */ = {
			isa = XCBuildConfiguration;
			buildSettings = {
				ASSETCATALOG_COMPILER_APPICON_NAME = AppIcon;
				ASSETCATALOG_COMPILER_GLOBAL_ACCENT_COLOR_NAME = AccentColor;
				CODE_SIGN_STYLE = Automatic;
				CURRENT_PROJECT_VERSION = 1;
				DEVELOPMENT_ASSET_PATHS = "\"TCATask/Application/Preview Content\"";
				ENABLE_PREVIEWS = YES;
				GENERATE_INFOPLIST_FILE = YES;
				INFOPLIST_FILE = TCATask/Info.plist;
				INFOPLIST_KEY_UIApplicationSceneManifest_Generation = YES;
				INFOPLIST_KEY_UIApplicationSupportsIndirectInputEvents = YES;
				INFOPLIST_KEY_UILaunchScreen_Generation = YES;
				INFOPLIST_KEY_UISupportedInterfaceOrientations_iPad = "UIInterfaceOrientationPortrait UIInterfaceOrientationPortraitUpsideDown UIInterfaceOrientationLandscapeLeft UIInterfaceOrientationLandscapeRight";
				INFOPLIST_KEY_UISupportedInterfaceOrientations_iPhone = "UIInterfaceOrientationPortrait UIInterfaceOrientationLandscapeLeft UIInterfaceOrientationLandscapeRight";
				LD_RUNPATH_SEARCH_PATHS = (
					"$(inherited)",
					"@executable_path/Frameworks",
				);
				MARKETING_VERSION = 1.0;
				PRODUCT_BUNDLE_IDENTIFIER = com.ayman.www.TCATask;
				PRODUCT_NAME = "$(TARGET_NAME)";
				SWIFT_EMIT_LOC_STRINGS = YES;
				SWIFT_VERSION = 5.0;
				TARGETED_DEVICE_FAMILY = "1,2";
			};
			name = Debug;
		};
		FAF629162BF7A1C800F7DF0B /* Release */ = {
			isa = XCBuildConfiguration;
			buildSettings = {
				ASSETCATALOG_COMPILER_APPICON_NAME = AppIcon;
				ASSETCATALOG_COMPILER_GLOBAL_ACCENT_COLOR_NAME = AccentColor;
				CODE_SIGN_STYLE = Automatic;
				CURRENT_PROJECT_VERSION = 1;
				DEVELOPMENT_ASSET_PATHS = "\"TCATask/Application/Preview Content\"";
				ENABLE_PREVIEWS = YES;
				GENERATE_INFOPLIST_FILE = YES;
				INFOPLIST_FILE = TCATask/Info.plist;
				INFOPLIST_KEY_UIApplicationSceneManifest_Generation = YES;
				INFOPLIST_KEY_UIApplicationSupportsIndirectInputEvents = YES;
				INFOPLIST_KEY_UILaunchScreen_Generation = YES;
				INFOPLIST_KEY_UISupportedInterfaceOrientations_iPad = "UIInterfaceOrientationPortrait UIInterfaceOrientationPortraitUpsideDown UIInterfaceOrientationLandscapeLeft UIInterfaceOrientationLandscapeRight";
				INFOPLIST_KEY_UISupportedInterfaceOrientations_iPhone = "UIInterfaceOrientationPortrait UIInterfaceOrientationLandscapeLeft UIInterfaceOrientationLandscapeRight";
				LD_RUNPATH_SEARCH_PATHS = (
					"$(inherited)",
					"@executable_path/Frameworks",
				);
				MARKETING_VERSION = 1.0;
				PRODUCT_BUNDLE_IDENTIFIER = com.ayman.www.TCATask;
				PRODUCT_NAME = "$(TARGET_NAME)";
				SWIFT_EMIT_LOC_STRINGS = YES;
				SWIFT_VERSION = 5.0;
				TARGETED_DEVICE_FAMILY = "1,2";
			};
			name = Release;
		};
		FAF629182BF7A1C800F7DF0B /* Debug */ = {
			isa = XCBuildConfiguration;
			buildSettings = {
				ALWAYS_EMBED_SWIFT_STANDARD_LIBRARIES = YES;
				BUNDLE_LOADER = "$(TEST_HOST)";
				CODE_SIGN_STYLE = Automatic;
				CURRENT_PROJECT_VERSION = 1;
				GENERATE_INFOPLIST_FILE = YES;
				IPHONEOS_DEPLOYMENT_TARGET = 17.4;
				MARKETING_VERSION = 1.0;
				PRODUCT_BUNDLE_IDENTIFIER = com.ayman.www.TCATaskTests;
				PRODUCT_NAME = "$(TARGET_NAME)";
				SWIFT_EMIT_LOC_STRINGS = NO;
				SWIFT_VERSION = 5.0;
				TARGETED_DEVICE_FAMILY = "1,2";
				TEST_HOST = "$(BUILT_PRODUCTS_DIR)/TCATask.app/$(BUNDLE_EXECUTABLE_FOLDER_PATH)/TCATask";
			};
			name = Debug;
		};
		FAF629192BF7A1C800F7DF0B /* Release */ = {
			isa = XCBuildConfiguration;
			buildSettings = {
				ALWAYS_EMBED_SWIFT_STANDARD_LIBRARIES = YES;
				BUNDLE_LOADER = "$(TEST_HOST)";
				CODE_SIGN_STYLE = Automatic;
				CURRENT_PROJECT_VERSION = 1;
				GENERATE_INFOPLIST_FILE = YES;
				IPHONEOS_DEPLOYMENT_TARGET = 17.4;
				MARKETING_VERSION = 1.0;
				PRODUCT_BUNDLE_IDENTIFIER = com.ayman.www.TCATaskTests;
				PRODUCT_NAME = "$(TARGET_NAME)";
				SWIFT_EMIT_LOC_STRINGS = NO;
				SWIFT_VERSION = 5.0;
				TARGETED_DEVICE_FAMILY = "1,2";
				TEST_HOST = "$(BUILT_PRODUCTS_DIR)/TCATask.app/$(BUNDLE_EXECUTABLE_FOLDER_PATH)/TCATask";
			};
			name = Release;
		};
/* End XCBuildConfiguration section */

/* Begin XCConfigurationList section */
		FAF628EB2BF7A1C500F7DF0B /* Build configuration list for PBXProject "TCATask" */ = {
			isa = XCConfigurationList;
			buildConfigurations = (
				FAF629122BF7A1C800F7DF0B /* Debug */,
				FAF629132BF7A1C800F7DF0B /* Release */,
			);
			defaultConfigurationIsVisible = 0;
			defaultConfigurationName = Release;
		};
		FAF629142BF7A1C800F7DF0B /* Build configuration list for PBXNativeTarget "TCATask" */ = {
			isa = XCConfigurationList;
			buildConfigurations = (
				FAF629152BF7A1C800F7DF0B /* Debug */,
				FAF629162BF7A1C800F7DF0B /* Release */,
			);
			defaultConfigurationIsVisible = 0;
			defaultConfigurationName = Release;
		};
		FAF629172BF7A1C800F7DF0B /* Build configuration list for PBXNativeTarget "TCATaskTests" */ = {
			isa = XCConfigurationList;
			buildConfigurations = (
				FAF629182BF7A1C800F7DF0B /* Debug */,
				FAF629192BF7A1C800F7DF0B /* Release */,
			);
			defaultConfigurationIsVisible = 0;
			defaultConfigurationName = Release;
		};
/* End XCConfigurationList section */

/* Begin XCRemoteSwiftPackageReference section */
		FA2841412C0139A9004CC897 /* XCRemoteSwiftPackageReference "Alamofire" */ = {
			isa = XCRemoteSwiftPackageReference;
			repositoryURL = "https://github.com/Alamofire/Alamofire.git";
			requirement = {
				kind = upToNextMajorVersion;
				minimumVersion = 5.9.1;
			};
		};
		FADB550F2BFA9C6F004FC1DA /* XCRemoteSwiftPackageReference "swift-composable-architecture" */ = {
			isa = XCRemoteSwiftPackageReference;
			repositoryURL = "https://github.com/pointfreeco/swift-composable-architecture";
			requirement = {
				kind = upToNextMajorVersion;
				minimumVersion = 1.10.4;
			};
		};
/* End XCRemoteSwiftPackageReference section */

/* Begin XCSwiftPackageProductDependency section */
		FA2841422C013AA3004CC897 /* Alamofire */ = {
			isa = XCSwiftPackageProductDependency;
			package = FA2841412C0139A9004CC897 /* XCRemoteSwiftPackageReference "Alamofire" */;
			productName = Alamofire;
		};
		FADB55102BFA9CCA004FC1DA /* ComposableArchitecture */ = {
			isa = XCSwiftPackageProductDependency;
			package = FADB550F2BFA9C6F004FC1DA /* XCRemoteSwiftPackageReference "swift-composable-architecture" */;
			productName = ComposableArchitecture;
		};
/* End XCSwiftPackageProductDependency section */
	};
	rootObject = FAF628E82BF7A1C500F7DF0B /* Project object */;
}
