// !$*UTF8*$!
{
	archiveVersion = 1;
	classes = {
	};
	objectVersion = 56;
	objects = {

/* Begin PBXBuildFile section */
		FAF628F42BF7A1C500F7DF0B /* TCATaskApp.swift in Sources */ = {isa = PBXBuildFile; fileRef = FAF628F32BF7A1C500F7DF0B /* TCATaskApp.swift */; };
		FAF628F62BF7A1C500F7DF0B /* ContentView.swift in Sources */ = {isa = PBXBuildFile; fileRef = FAF628F52BF7A1C500F7DF0B /* ContentView.swift */; };
		FAF628F82BF7A1C700F7DF0B /* Assets.xcassets in Resources */ = {isa = PBXBuildFile; fileRef = FAF628F72BF7A1C700F7DF0B /* Assets.xcassets */; };
		FAF628FB2BF7A1C700F7DF0B /* Preview Assets.xcassets in Resources */ = {isa = PBXBuildFile; fileRef = FAF628FA2BF7A1C700F7DF0B /* Preview Assets.xcassets */; };
		FAF629052BF7A1C800F7DF0B /* TCATaskTests.swift in Sources */ = {isa = PBXBuildFile; fileRef = FAF629042BF7A1C800F7DF0B /* TCATaskTests.swift */; };
		FAF6290F2BF7A1C800F7DF0B /* TCATaskUITests.swift in Sources */ = {isa = PBXBuildFile; fileRef = FAF6290E2BF7A1C800F7DF0B /* TCATaskUITests.swift */; };
		FAF629112BF7A1C800F7DF0B /* TCATaskUITestsLaunchTests.swift in Sources */ = {isa = PBXBuildFile; fileRef = FAF629102BF7A1C800F7DF0B /* TCATaskUITestsLaunchTests.swift */; };
/* End PBXBuildFile section */

/* Begin PBXContainerItemProxy section */
		FAF629012BF7A1C800F7DF0B /* PBXContainerItemProxy */ = {
			isa = PBXContainerItemProxy;
			containerPortal = FAF628E82BF7A1C500F7DF0B /* Project object */;
			proxyType = 1;
			remoteGlobalIDString = FAF628EF2BF7A1C500F7DF0B;
			remoteInfo = TCATask;
		};
		FAF6290B2BF7A1C800F7DF0B /* PBXContainerItemProxy */ = {
			isa = PBXContainerItemProxy;
			containerPortal = FAF628E82BF7A1C500F7DF0B /* Project object */;
			proxyType = 1;
			remoteGlobalIDString = FAF628EF2BF7A1C500F7DF0B;
			remoteInfo = TCATask;
		};
/* End PBXContainerItemProxy section */

/* Begin PBXFileReference section */
		FAF628F02BF7A1C500F7DF0B /* TCATask.app */ = {isa = PBXFileReference; explicitFileType = wrapper.application; includeInIndex = 0; path = TCATask.app; sourceTree = BUILT_PRODUCTS_DIR; };
		FAF628F32BF7A1C500F7DF0B /* TCATaskApp.swift */ = {isa = PBXFileReference; lastKnownFileType = sourcecode.swift; path = TCATaskApp.swift; sourceTree = "<group>"; };
		FAF628F52BF7A1C500F7DF0B /* ContentView.swift */ = {isa = PBXFileReference; lastKnownFileType = sourcecode.swift; path = ContentView.swift; sourceTree = "<group>"; };
		FAF628F72BF7A1C700F7DF0B /* Assets.xcassets */ = {isa = PBXFileReference; lastKnownFileType = folder.assetcatalog; path = Assets.xcassets; sourceTree = "<group>"; };
		FAF628FA2BF7A1C700F7DF0B /* Preview Assets.xcassets */ = {isa = PBXFileReference; lastKnownFileType = folder.assetcatalog; path = "Preview Assets.xcassets"; sourceTree = "<group>"; };
		FAF629002BF7A1C800F7DF0B /* TCATaskTests.xctest */ = {isa = PBXFileReference; explicitFileType = wrapper.cfbundle; includeInIndex = 0; path = TCATaskTests.xctest; sourceTree = BUILT_PRODUCTS_DIR; };
		FAF629042BF7A1C800F7DF0B /* TCATaskTests.swift */ = {isa = PBXFileReference; lastKnownFileType = sourcecode.swift; path = TCATaskTests.swift; sourceTree = "<group>"; };
		FAF6290A2BF7A1C800F7DF0B /* TCATaskUITests.xctest */ = {isa = PBXFileReference; explicitFileType = wrapper.cfbundle; includeInIndex = 0; path = TCATaskUITests.xctest; sourceTree = BUILT_PRODUCTS_DIR; };
		FAF6290E2BF7A1C800F7DF0B /* TCATaskUITests.swift */ = {isa = PBXFileReference; lastKnownFileType = sourcecode.swift; path = TCATaskUITests.swift; sourceTree = "<group>"; };
		FAF629102BF7A1C800F7DF0B /* TCATaskUITestsLaunchTests.swift */ = {isa = PBXFileReference; lastKnownFileType = sourcecode.swift; path = TCATaskUITestsLaunchTests.swift; sourceTree = "<group>"; };
/* End PBXFileReference section */

/* Begin PBXFrameworksBuildPhase section */
		FAF628ED2BF7A1C500F7DF0B /* Frameworks */ = {
			isa = PBXFrameworksBuildPhase;
			buildActionMask = 2147483647;
			files = (
			);
			runOnlyForDeploymentPostprocessing = 0;
		};
		FAF628FD2BF7A1C800F7DF0B /* Frameworks */ = {
			isa = PBXFrameworksBuildPhase;
			buildActionMask = 2147483647;
			files = (
			);
			runOnlyForDeploymentPostprocessing = 0;
		};
		FAF629072BF7A1C800F7DF0B /* Frameworks */ = {
			isa = PBXFrameworksBuildPhase;
			buildActionMask = 2147483647;
			files = (
			);
			runOnlyForDeploymentPostprocessing = 0;
		};
/* End PBXFrameworksBuildPhase section */

/* Begin PBXGroup section */
		FAF628E72BF7A1C500F7DF0B = {
			isa = PBXGroup;
			children = (
				FAF628F22BF7A1C500F7DF0B /* TCATask */,
				FAF629032BF7A1C800F7DF0B /* TCATaskTests */,
				FAF6290D2BF7A1C800F7DF0B /* TCATaskUITests */,
				FAF628F12BF7A1C500F7DF0B /* Products */,
			);
			sourceTree = "<group>";
		};
		FAF628F12BF7A1C500F7DF0B /* Products */ = {
			isa = PBXGroup;
			children = (
				FAF628F02BF7A1C500F7DF0B /* TCATask.app */,
				FAF629002BF7A1C800F7DF0B /* TCATaskTests.xctest */,
				FAF6290A2BF7A1C800F7DF0B /* TCATaskUITests.xctest */,
			);
			name = Products;
			sourceTree = "<group>";
		};
		FAF628F22BF7A1C500F7DF0B /* TCATask */ = {
			isa = PBXGroup;
			children = (
				FAF628F32BF7A1C500F7DF0B /* TCATaskApp.swift */,
				FAF628F52BF7A1C500F7DF0B /* ContentView.swift */,
				FAF628F72BF7A1C700F7DF0B /* Assets.xcassets */,
				FAF628F92BF7A1C700F7DF0B /* Preview Content */,
			);
			path = TCATask;
			sourceTree = "<group>";
		};
		FAF628F92BF7A1C700F7DF0B /* Preview Content */ = {
			isa = PBXGroup;
			children = (
				FAF628FA2BF7A1C700F7DF0B /* Preview Assets.xcassets */,
			);
			path = "Preview Content";
			sourceTree = "<group>";
		};
		FAF629032BF7A1C800F7DF0B /* TCATaskTests */ = {
			isa = PBXGroup;
			children = (
				FAF629042BF7A1C800F7DF0B /* TCATaskTests.swift */,
			);
			path = TCATaskTests;
			sourceTree = "<group>";
		};
		FAF6290D2BF7A1C800F7DF0B /* TCATaskUITests */ = {
			isa = PBXGroup;
			children = (
				FAF6290E2BF7A1C800F7DF0B /* TCATaskUITests.swift */,
				FAF629102BF7A1C800F7DF0B /* TCATaskUITestsLaunchTests.swift */,
			);
			path = TCATaskUITests;
			sourceTree = "<group>";
		};
/* End PBXGroup section */

/* Begin PBXNativeTarget section */
		FAF628EF2BF7A1C500F7DF0B /* TCATask */ = {
			isa = PBXNativeTarget;
			buildConfigurationList = FAF629142BF7A1C800F7DF0B /* Build configuration list for PBXNativeTarget "TCATask" */;
			buildPhases = (
				FAF628EC2BF7A1C500F7DF0B /* Sources */,
				FAF628ED2BF7A1C500F7DF0B /* Frameworks */,
				FAF628EE2BF7A1C500F7DF0B /* Resources */,
			);
			buildRules = (
			);
			dependencies = (
			);
			name = TCATask;
			productName = TCATask;
			productReference = FAF628F02BF7A1C500F7DF0B /* TCATask.app */;
			productType = "com.apple.product-type.application";
		};
		FAF628FF2BF7A1C800F7DF0B /* TCATaskTests */ = {
			isa = PBXNativeTarget;
			buildConfigurationList = FAF629172BF7A1C800F7DF0B /* Build configuration list for PBXNativeTarget "TCATaskTests" */;
			buildPhases = (
				FAF628FC2BF7A1C800F7DF0B /* Sources */,
				FAF628FD2BF7A1C800F7DF0B /* Frameworks */,
				FAF628FE2BF7A1C800F7DF0B /* Resources */,
			);
			buildRules = (
			);
			dependencies = (
				FAF629022BF7A1C800F7DF0B /* PBXTargetDependency */,
			);
			name = TCATaskTests;
			productName = TCATaskTests;
			productReference = FAF629002BF7A1C800F7DF0B /* TCATaskTests.xctest */;
			productType = "com.apple.product-type.bundle.unit-test";
		};
		FAF629092BF7A1C800F7DF0B /* TCATaskUITests */ = {
			isa = PBXNativeTarget;
			buildConfigurationList = FAF6291A2BF7A1C800F7DF0B /* Build configuration list for PBXNativeTarget "TCATaskUITests" */;
			buildPhases = (
				FAF629062BF7A1C800F7DF0B /* Sources */,
				FAF629072BF7A1C800F7DF0B /* Frameworks */,
				FAF629082BF7A1C800F7DF0B /* Resources */,
			);
			buildRules = (
			);
			dependencies = (
				FAF6290C2BF7A1C800F7DF0B /* PBXTargetDependency */,
			);
			name = TCATaskUITests;
			productName = TCATaskUITests;
			productReference = FAF6290A2BF7A1C800F7DF0B /* TCATaskUITests.xctest */;
			productType = "com.apple.product-type.bundle.ui-testing";
		};
/* End PBXNativeTarget section */

/* Begin PBXProject section */
		FAF628E82BF7A1C500F7DF0B /* Project object */ = {
			isa = PBXProject;
			attributes = {
				BuildIndependentTargetsInParallel = 1;
				LastSwiftUpdateCheck = 1530;
				LastUpgradeCheck = 1530;
				TargetAttributes = {
					FAF628EF2BF7A1C500F7DF0B = {
						CreatedOnToolsVersion = 15.3;
					};
					FAF628FF2BF7A1C800F7DF0B = {
						CreatedOnToolsVersion = 15.3;
						TestTargetID = FAF628EF2BF7A1C500F7DF0B;
					};
					FAF629092BF7A1C800F7DF0B = {
						CreatedOnToolsVersion = 15.3;
						TestTargetID = FAF628EF2BF7A1C500F7DF0B;
					};
				};
			};
			buildConfigurationList = FAF628EB2BF7A1C500F7DF0B /* Build configuration list for PBXProject "TCATask" */;
			compatibilityVersion = "Xcode 14.0";
			developmentRegion = en;
			hasScannedForEncodings = 0;
			knownRegions = (
				en,
				Base,
			);
			mainGroup = FAF628E72BF7A1C500F7DF0B;
			productRefGroup = FAF628F12BF7A1C500F7DF0B /* Products */;
			projectDirPath = "";
			projectRoot = "";
			targets = (
				FAF628EF2BF7A1C500F7DF0B /* TCATask */,
				FAF628FF2BF7A1C800F7DF0B /* TCATaskTests */,
				FAF629092BF7A1C800F7DF0B /* TCATaskUITests */,
			);
		};
/* End PBXProject section */

/* Begin PBXResourcesBuildPhase section */
		FAF628EE2BF7A1C500F7DF0B /* Resources */ = {
			isa = PBXResourcesBuildPhase;
			buildActionMask = 2147483647;
			files = (
				FAF628FB2BF7A1C700F7DF0B /* Preview Assets.xcassets in Resources */,
				FAF628F82BF7A1C700F7DF0B /* Assets.xcassets in Resources */,
			);
			runOnlyForDeploymentPostprocessing = 0;
		};
		FAF628FE2BF7A1C800F7DF0B /* Resources */ = {
			isa = PBXResourcesBuildPhase;
			buildActionMask = 2147483647;
			files = (
			);
			runOnlyForDeploymentPostprocessing = 0;
		};
		FAF629082BF7A1C800F7DF0B /* Resources */ = {
			isa = PBXResourcesBuildPhase;
			buildActionMask = 2147483647;
			files = (
			);
			runOnlyForDeploymentPostprocessing = 0;
		};
/* End PBXResourcesBuildPhase section */

/* Begin PBXSourcesBuildPhase section */
		FAF628EC2BF7A1C500F7DF0B /* Sources */ = {
			isa = PBXSourcesBuildPhase;
			buildActionMask = 2147483647;
			files = (
				FAF628F62BF7A1C500F7DF0B /* ContentView.swift in Sources */,
				FAF628F42BF7A1C500F7DF0B /* TCATaskApp.swift in Sources */,
			);
			runOnlyForDeploymentPostprocessing = 0;
		};
		FAF628FC2BF7A1C800F7DF0B /* Sources */ = {
			isa = PBXSourcesBuildPhase;
			buildActionMask = 2147483647;
			files = (
				FAF629052BF7A1C800F7DF0B /* TCATaskTests.swift in Sources */,
			);
			runOnlyForDeploymentPostprocessing = 0;
		};
		FAF629062BF7A1C800F7DF0B /* Sources */ = {
			isa = PBXSourcesBuildPhase;
			buildActionMask = 2147483647;
			files = (
				FAF629112BF7A1C800F7DF0B /* TCATaskUITestsLaunchTests.swift in Sources */,
				FAF6290F2BF7A1C800F7DF0B /* TCATaskUITests.swift in Sources */,
			);
			runOnlyForDeploymentPostprocessing = 0;
		};
/* End PBXSourcesBuildPhase section */

/* Begin PBXTargetDependency section */
		FAF629022BF7A1C800F7DF0B /* PBXTargetDependency */ = {
			isa = PBXTargetDependency;
			target = FAF628EF2BF7A1C500F7DF0B /* TCATask */;
			targetProxy = FAF629012BF7A1C800F7DF0B /* PBXContainerItemProxy */;
		};
		FAF6290C2BF7A1C800F7DF0B /* PBXTargetDependency */ = {
			isa = PBXTargetDependency;
			target = FAF628EF2BF7A1C500F7DF0B /* TCATask */;
			targetProxy = FAF6290B2BF7A1C800F7DF0B /* PBXContainerItemProxy */;
		};
/* End PBXTargetDependency section */

/* Begin XCBuildConfiguration section */
		FAF629122BF7A1C800F7DF0B /* Debug */ = {
			isa = XCBuildConfiguration;
			buildSettings = {
				ALWAYS_SEARCH_USER_PATHS = NO;
				ASSETCATALOG_COMPILER_GENERATE_SWIFT_ASSET_SYMBOL_EXTENSIONS = YES;
				CLANG_ANALYZER_NONNULL = YES;
				CLANG_ANALYZER_NUMBER_OBJECT_CONVERSION = YES_AGGRESSIVE;
				CLANG_CXX_LANGUAGE_STANDARD = "gnu++20";
				CLANG_ENABLE_MODULES = YES;
				CLANG_ENABLE_OBJC_ARC = YES;
				CLANG_ENABLE_OBJC_WEAK = YES;
				CLANG_WARN_BLOCK_CAPTURE_AUTORELEASING = YES;
				CLANG_WARN_BOOL_CONVERSION = YES;
				CLANG_WARN_COMMA = YES;
				CLANG_WARN_CONSTANT_CONVERSION = YES;
				CLANG_WARN_DEPRECATED_OBJC_IMPLEMENTATIONS = YES;
				CLANG_WARN_DIRECT_OBJC_ISA_USAGE = YES_ERROR;
				CLANG_WARN_DOCUMENTATION_COMMENTS = YES;
				CLANG_WARN_EMPTY_BODY = YES;
				CLANG_WARN_ENUM_CONVERSION = YES;
				CLANG_WARN_INFINITE_RECURSION = YES;
				CLANG_WARN_INT_CONVERSION = YES;
				CLANG_WARN_NON_LITERAL_NULL_CONVERSION = YES;
				CLANG_WARN_OBJC_IMPLICIT_RETAIN_SELF = YES;
				CLANG_WARN_OBJC_LITERAL_CONVERSION = YES;
				CLANG_WARN_OBJC_ROOT_CLASS = YES_ERROR;
				CLANG_WARN_QUOTED_INCLUDE_IN_FRAMEWORK_HEADER = YES;
				CLANG_WARN_RANGE_LOOP_ANALYSIS = YES;
				CLANG_WARN_STRICT_PROTOTYPES = YES;
				CLANG_WARN_SUSPICIOUS_MOVE = YES;
				CLANG_WARN_UNGUARDED_AVAILABILITY = YES_AGGRESSIVE;
				CLANG_WARN_UNREACHABLE_CODE = YES;
				CLANG_WARN__DUPLICATE_METHOD_MATCH = YES;
				COPY_PHASE_STRIP = NO;
				DEBUG_INFORMATION_FORMAT = dwarf;
				ENABLE_STRICT_OBJC_MSGSEND = YES;
				ENABLE_TESTABILITY = YES;
				ENABLE_USER_SCRIPT_SANDBOXING = YES;
				GCC_C_LANGUAGE_STANDARD = gnu17;
				GCC_DYNAMIC_NO_PIC = NO;
				GCC_NO_COMMON_BLOCKS = YES;
				GCC_OPTIMIZATION_LEVEL = 0;
				GCC_PREPROCESSOR_DEFINITIONS = (
					"DEBUG=1",
					"$(inherited)",
				);
				GCC_WARN_64_TO_32_BIT_CONVERSION = YES;
				GCC_WARN_ABOUT_RETURN_TYPE = YES_ERROR;
				GCC_WARN_UNDECLARED_SELECTOR = YES;
				GCC_WARN_UNINITIALIZED_AUTOS = YES_AGGRESSIVE;
				GCC_WARN_UNUSED_FUNCTION = YES;
				GCC_WARN_UNUSED_VARIABLE = YES;
				IPHONEOS_DEPLOYMENT_TARGET = 17.4;
				LOCALIZATION_PREFERS_STRING_CATALOGS = YES;
				MTL_ENABLE_DEBUG_INFO = INCLUDE_SOURCE;
				MTL_FAST_MATH = YES;
				ONLY_ACTIVE_ARCH = YES;
				SDKROOT = iphoneos;
				SWIFT_ACTIVE_COMPILATION_CONDITIONS = "DEBUG $(inherited)";
				SWIFT_OPTIMIZATION_LEVEL = "-Onone";
			};
			name = Debug;
		};
		FAF629132BF7A1C800F7DF0B /* Release */ = {
			isa = XCBuildConfiguration;
			buildSettings = {
				ALWAYS_SEARCH_USER_PATHS = NO;
				ASSETCATALOG_COMPILER_GENERATE_SWIFT_ASSET_SYMBOL_EXTENSIONS = YES;
				CLANG_ANALYZER_NONNULL = YES;
				CLANG_ANALYZER_NUMBER_OBJECT_CONVERSION = YES_AGGRESSIVE;
				CLANG_CXX_LANGUAGE_STANDARD = "gnu++20";
				CLANG_ENABLE_MODULES = YES;
				CLANG_ENABLE_OBJC_ARC = YES;
				CLANG_ENABLE_OBJC_WEAK = YES;
				CLANG_WARN_BLOCK_CAPTURE_AUTORELEASING = YES;
				CLANG_WARN_BOOL_CONVERSION = YES;
				CLANG_WARN_COMMA = YES;
				CLANG_WARN_CONSTANT_CONVERSION = YES;
				CLANG_WARN_DEPRECATED_OBJC_IMPLEMENTATIONS = YES;
				CLANG_WARN_DIRECT_OBJC_ISA_USAGE = YES_ERROR;
				CLANG_WARN_DOCUMENTATION_COMMENTS = YES;
				CLANG_WARN_EMPTY_BODY = YES;
				CLANG_WARN_ENUM_CONVERSION = YES;
				CLANG_WARN_INFINITE_RECURSION = YES;
				CLANG_WARN_INT_CONVERSION = YES;
				CLANG_WARN_NON_LITERAL_NULL_CONVERSION = YES;
				CLANG_WARN_OBJC_IMPLICIT_RETAIN_SELF = YES;
				CLANG_WARN_OBJC_LITERAL_CONVERSION = YES;
				CLANG_WARN_OBJC_ROOT_CLASS = YES_ERROR;
				CLANG_WARN_QUOTED_INCLUDE_IN_FRAMEWORK_HEADER = YES;
				CLANG_WARN_RANGE_LOOP_ANALYSIS = YES;
				CLANG_WARN_STRICT_PROTOTYPES = YES;
				CLANG_WARN_SUSPICIOUS_MOVE = YES;
				CLANG_WARN_UNGUARDED_AVAILABILITY = YES_AGGRESSIVE;
				CLANG_WARN_UNREACHABLE_CODE = YES;
				CLANG_WARN__DUPLICATE_METHOD_MATCH = YES;
				COPY_PHASE_STRIP = NO;
				DEBUG_INFORMATION_FORMAT = "dwarf-with-dsym";
				ENABLE_NS_ASSERTIONS = NO;
				ENABLE_STRICT_OBJC_MSGSEND = YES;
				ENABLE_USER_SCRIPT_SANDBOXING = YES;
				GCC_C_LANGUAGE_STANDARD = gnu17;
				GCC_NO_COMMON_BLOCKS = YES;
				GCC_WARN_64_TO_32_BIT_CONVERSION = YES;
				GCC_WARN_ABOUT_RETURN_TYPE = YES_ERROR;
				GCC_WARN_UNDECLARED_SELECTOR = YES;
				GCC_WARN_UNINITIALIZED_AUTOS = YES_AGGRESSIVE;
				GCC_WARN_UNUSED_FUNCTION = YES;
				GCC_WARN_UNUSED_VARIABLE = YES;
				IPHONEOS_DEPLOYMENT_TARGET = 17.4;
				LOCALIZATION_PREFERS_STRING_CATALOGS = YES;
				MTL_ENABLE_DEBUG_INFO = NO;
				MTL_FAST_MATH = YES;
				SDKROOT = iphoneos;
				SWIFT_COMPILATION_MODE = wholemodule;
				VALIDATE_PRODUCT = YES;
			};
			name = Release;
		};
		FAF629152BF7A1C800F7DF0B /* Debug */ = {
			isa = XCBuildConfiguration;
			buildSettings = {
				ASSETCATALOG_COMPILER_APPICON_NAME = AppIcon;
				ASSETCATALOG_COMPILER_GLOBAL_ACCENT_COLOR_NAME = AccentColor;
				CODE_SIGN_STYLE = Automatic;
				CURRENT_PROJECT_VERSION = 1;
				DEVELOPMENT_ASSET_PATHS = "\"TCATask/Preview Content\"";
				ENABLE_PREVIEWS = YES;
				GENERATE_INFOPLIST_FILE = YES;
				INFOPLIST_KEY_UIApplicationSceneManifest_Generation = YES;
				INFOPLIST_KEY_UIApplicationSupportsIndirectInputEvents = YES;
				INFOPLIST_KEY_UILaunchScreen_Generation = YES;
				INFOPLIST_KEY_UISupportedInterfaceOrientations_iPad = "UIInterfaceOrientationPortrait UIInterfaceOrientationPortraitUpsideDown UIInterfaceOrientationLandscapeLeft UIInterfaceOrientationLandscapeRight";
				INFOPLIST_KEY_UISupportedInterfaceOrientations_iPhone = "UIInterfaceOrientationPortrait UIInterfaceOrientationLandscapeLeft UIInterfaceOrientationLandscapeRight";
				LD_RUNPATH_SEARCH_PATHS = (
					"$(inherited)",
					"@executable_path/Frameworks",
				);
				MARKETING_VERSION = 1.0;
				PRODUCT_BUNDLE_IDENTIFIER = com.ayman.www.TCATask;
				PRODUCT_NAME = "$(TARGET_NAME)";
				SWIFT_EMIT_LOC_STRINGS = YES;
				SWIFT_VERSION = 5.0;
				TARGETED_DEVICE_FAMILY = "1,2";
			};
			name = Debug;
		};
		FAF629162BF7A1C800F7DF0B /* Release */ = {
			isa = XCBuildConfiguration;
			buildSettings = {
				ASSETCATALOG_COMPILER_APPICON_NAME = AppIcon;
				ASSETCATALOG_COMPILER_GLOBAL_ACCENT_COLOR_NAME = AccentColor;
				CODE_SIGN_STYLE = Automatic;
				CURRENT_PROJECT_VERSION = 1;
				DEVELOPMENT_ASSET_PATHS = "\"TCATask/Preview Content\"";
				ENABLE_PREVIEWS = YES;
				GENERATE_INFOPLIST_FILE = YES;
				INFOPLIST_KEY_UIApplicationSceneManifest_Generation = YES;
				INFOPLIST_KEY_UIApplicationSupportsIndirectInputEvents = YES;
				INFOPLIST_KEY_UILaunchScreen_Generation = YES;
				INFOPLIST_KEY_UISupportedInterfaceOrientations_iPad = "UIInterfaceOrientationPortrait UIInterfaceOrientationPortraitUpsideDown UIInterfaceOrientationLandscapeLeft UIInterfaceOrientationLandscapeRight";
				INFOPLIST_KEY_UISupportedInterfaceOrientations_iPhone = "UIInterfaceOrientationPortrait UIInterfaceOrientationLandscapeLeft UIInterfaceOrientationLandscapeRight";
				LD_RUNPATH_SEARCH_PATHS = (
					"$(inherited)",
					"@executable_path/Frameworks",
				);
				MARKETING_VERSION = 1.0;
				PRODUCT_BUNDLE_IDENTIFIER = com.ayman.www.TCATask;
				PRODUCT_NAME = "$(TARGET_NAME)";
				SWIFT_EMIT_LOC_STRINGS = YES;
				SWIFT_VERSION = 5.0;
				TARGETED_DEVICE_FAMILY = "1,2";
			};
			name = Release;
		};
		FAF629182BF7A1C800F7DF0B /* Debug */ = {
			isa = XCBuildConfiguration;
			buildSettings = {
				ALWAYS_EMBED_SWIFT_STANDARD_LIBRARIES = YES;
				BUNDLE_LOADER = "$(TEST_HOST)";
				CODE_SIGN_STYLE = Automatic;
				CURRENT_PROJECT_VERSION = 1;
				GENERATE_INFOPLIST_FILE = YES;
				IPHONEOS_DEPLOYMENT_TARGET = 17.4;
				MARKETING_VERSION = 1.0;
				PRODUCT_BUNDLE_IDENTIFIER = com.ayman.www.TCATaskTests;
				PRODUCT_NAME = "$(TARGET_NAME)";
				SWIFT_EMIT_LOC_STRINGS = NO;
				SWIFT_VERSION = 5.0;
				TARGETED_DEVICE_FAMILY = "1,2";
				TEST_HOST = "$(BUILT_PRODUCTS_DIR)/TCATask.app/$(BUNDLE_EXECUTABLE_FOLDER_PATH)/TCATask";
			};
			name = Debug;
		};
		FAF629192BF7A1C800F7DF0B /* Release */ = {
			isa = XCBuildConfiguration;
			buildSettings = {
				ALWAYS_EMBED_SWIFT_STANDARD_LIBRARIES = YES;
				BUNDLE_LOADER = "$(TEST_HOST)";
				CODE_SIGN_STYLE = Automatic;
				CURRENT_PROJECT_VERSION = 1;
				GENERATE_INFOPLIST_FILE = YES;
				IPHONEOS_DEPLOYMENT_TARGET = 17.4;
				MARKETING_VERSION = 1.0;
				PRODUCT_BUNDLE_IDENTIFIER = com.ayman.www.TCATaskTests;
				PRODUCT_NAME = "$(TARGET_NAME)";
				SWIFT_EMIT_LOC_STRINGS = NO;
				SWIFT_VERSION = 5.0;
				TARGETED_DEVICE_FAMILY = "1,2";
				TEST_HOST = "$(BUILT_PRODUCTS_DIR)/TCATask.app/$(BUNDLE_EXECUTABLE_FOLDER_PATH)/TCATask";
			};
			name = Release;
		};
		FAF6291B2BF7A1C800F7DF0B /* Debug */ = {
			isa = XCBuildConfiguration;
			buildSettings = {
				ALWAYS_EMBED_SWIFT_STANDARD_LIBRARIES = YES;
				CODE_SIGN_STYLE = Automatic;
				CURRENT_PROJECT_VERSION = 1;
				GENERATE_INFOPLIST_FILE = YES;
				MARKETING_VERSION = 1.0;
				PRODUCT_BUNDLE_IDENTIFIER = com.ayman.www.TCATaskUITests;
				PRODUCT_NAME = "$(TARGET_NAME)";
				SWIFT_EMIT_LOC_STRINGS = NO;
				SWIFT_VERSION = 5.0;
				TARGETED_DEVICE_FAMILY = "1,2";
				TEST_TARGET_NAME = TCATask;
			};
			name = Debug;
		};
		FAF6291C2BF7A1C800F7DF0B /* Release */ = {
			isa = XCBuildConfiguration;
			buildSettings = {
				ALWAYS_EMBED_SWIFT_STANDARD_LIBRARIES = YES;
				CODE_SIGN_STYLE = Automatic;
				CURRENT_PROJECT_VERSION = 1;
				GENERATE_INFOPLIST_FILE = YES;
				MARKETING_VERSION = 1.0;
				PRODUCT_BUNDLE_IDENTIFIER = com.ayman.www.TCATaskUITests;
				PRODUCT_NAME = "$(TARGET_NAME)";
				SWIFT_EMIT_LOC_STRINGS = NO;
				SWIFT_VERSION = 5.0;
				TARGETED_DEVICE_FAMILY = "1,2";
				TEST_TARGET_NAME = TCATask;
			};
			name = Release;
		};
/* End XCBuildConfiguration section */

/* Begin XCConfigurationList section */
		FAF628EB2BF7A1C500F7DF0B /* Build configuration list for PBXProject "TCATask" */ = {
			isa = XCConfigurationList;
			buildConfigurations = (
				FAF629122BF7A1C800F7DF0B /* Debug */,
				FAF629132BF7A1C800F7DF0B /* Release */,
			);
			defaultConfigurationIsVisible = 0;
			defaultConfigurationName = Release;
		};
		FAF629142BF7A1C800F7DF0B /* Build configuration list for PBXNativeTarget "TCATask" */ = {
			isa = XCConfigurationList;
			buildConfigurations = (
				FAF629152BF7A1C800F7DF0B /* Debug */,
				FAF629162BF7A1C800F7DF0B /* Release */,
			);
			defaultConfigurationIsVisible = 0;
			defaultConfigurationName = Release;
		};
		FAF629172BF7A1C800F7DF0B /* Build configuration list for PBXNativeTarget "TCATaskTests" */ = {
			isa = XCConfigurationList;
			buildConfigurations = (
				FAF629182BF7A1C800F7DF0B /* Debug */,
				FAF629192BF7A1C800F7DF0B /* Release */,
			);
			defaultConfigurationIsVisible = 0;
			defaultConfigurationName = Release;
		};
		FAF6291A2BF7A1C800F7DF0B /* Build configuration list for PBXNativeTarget "TCATaskUITests" */ = {
			isa = XCConfigurationList;
			buildConfigurations = (
				FAF6291B2BF7A1C800F7DF0B /* Debug */,
				FAF6291C2BF7A1C800F7DF0B /* Release */,
			);
			defaultConfigurationIsVisible = 0;
			defaultConfigurationName = Release;
		};
/* End XCConfigurationList section */
	};
	rootObject = FAF628E82BF7A1C500F7DF0B /* Project object */;
}
